Microsoft Visual Studio Solution File, Format Version 12.00
# Visual Studio Version 17
VisualStudioVersion = 17.5.2.0
MinimumVisualStudioVersion = 10.0.40219.1
Project("{FAE04EC0-301F-11D3-BF4B-00C04F79EFBC}") = "DondeComemos", "DondeComemos.csproj", "{02AAC887-334E-3ABD-9C34-DF82BA838E87}"
EndProject
Global
	GlobalSection(SolutionConfigurationPlatforms) = preSolution
		Debug|Any CPU = Debug|Any CPU
		Release|Any CPU = Release|Any CPU
	EndGlobalSection
	GlobalSection(ProjectConfigurationPlatforms) = postSolution
		{02AAC887-334E-3ABD-9C34-DF82BA838E87}.Debug|Any CPU.ActiveCfg = Debug|Any CPU
		{02AAC887-334E-3ABD-9C34-DF82BA838E87}.Debug|Any CPU.Build.0 = Debug|Any CPU
		{02AAC887-334E-3ABD-9C34-DF82BA838E87}.Release|Any CPU.ActiveCfg = Release|Any CPU
		{02AAC887-334E-3ABD-9C34-DF82BA838E87}.Release|Any CPU.Build.0 = Release|Any CPU
	EndGlobalSection
	GlobalSection(SolutionProperties) = preSolution
		HideSolutionNode = FALSE
	EndGlobalSection
	GlobalSection(ExtensibilityGlobals) = postSolution
<<<<<<< HEAD
		SolutionGuid = {596AE804-F4DE-47C5-A953-2057D509E14D}
=======
		SolutionGuid = {4CF69632-5810-4A57-B4C6-86142995FA2B}
>>>>>>> f90b87d81de3ce8c6b022ece9f01afa7f99a0eb7
	EndGlobalSection
EndGlobal
